// !$*UTF8*$!
{
	archiveVersion = 1;
	classes = {
	};
	objectVersion = 46;
	objects = {

/* Begin PBXBuildFile section */
		7D6BC4245877275FF8428993 /* Pods_Pokedex3.framework in Frameworks */ = {isa = PBXBuildFile; fileRef = B4D63464BCB8A4845A1C4763 /* Pods_Pokedex3.framework */; };
		A9CBE7991E0B63E100EEABF0 /* AppDelegate.swift in Sources */ = {isa = PBXBuildFile; fileRef = A9CBE7981E0B63E100EEABF0 /* AppDelegate.swift */; };
		A9CBE79B1E0B63E100EEABF0 /* ViewController.swift in Sources */ = {isa = PBXBuildFile; fileRef = A9CBE79A1E0B63E100EEABF0 /* ViewController.swift */; };
		A9CBE79E1E0B63E100EEABF0 /* Main.storyboard in Resources */ = {isa = PBXBuildFile; fileRef = A9CBE79C1E0B63E100EEABF0 /* Main.storyboard */; };
		A9CBE7A11E0B63E100EEABF0 /* Pokedex3.xcdatamodeld in Sources */ = {isa = PBXBuildFile; fileRef = A9CBE79F1E0B63E100EEABF0 /* Pokedex3.xcdatamodeld */; };
		A9CBE7A31E0B63E100EEABF0 /* Assets.xcassets in Resources */ = {isa = PBXBuildFile; fileRef = A9CBE7A21E0B63E100EEABF0 /* Assets.xcassets */; };
		A9CBE7A61E0B63E100EEABF0 /* LaunchScreen.storyboard in Resources */ = {isa = PBXBuildFile; fileRef = A9CBE7A41E0B63E100EEABF0 /* LaunchScreen.storyboard */; };
		A9CBE7AE1E0B6C9200EEABF0 /* pokemon.csv in Resources */ = {isa = PBXBuildFile; fileRef = A9CBE7AD1E0B6C9200EEABF0 /* pokemon.csv */; };
		A9CBE7B11E0B6FDA00EEABF0 /* Pokemon.swift in Sources */ = {isa = PBXBuildFile; fileRef = A9CBE7B01E0B6FDA00EEABF0 /* Pokemon.swift */; };
		A9CBE7B51E0B7C7E00EEABF0 /* PokeCell.swift in Sources */ = {isa = PBXBuildFile; fileRef = A9CBE7B41E0B7C7E00EEABF0 /* PokeCell.swift */; };
		A9CBE7B71E0B860D00EEABF0 /* csv.swift in Sources */ = {isa = PBXBuildFile; fileRef = A9CBE7B61E0B860D00EEABF0 /* csv.swift */; };
		A9CBE7B91E0B8D9B00EEABF0 /* pokemon.ttf in Resources */ = {isa = PBXBuildFile; fileRef = A9CBE7B81E0B8D9B00EEABF0 /* pokemon.ttf */; };
		A9CBE7BE1E0B8F0C00EEABF0 /* music.png in Resources */ = {isa = PBXBuildFile; fileRef = A9CBE7BD1E0B8F0C00EEABF0 /* music.png */; };
		A9CBE7C01E0B8F1D00EEABF0 /* music.mp3 in Resources */ = {isa = PBXBuildFile; fileRef = A9CBE7BF1E0B8F1D00EEABF0 /* music.mp3 */; };
		A9CBE7C21E0B999C00EEABF0 /* PokemonDetailVC.swift in Sources */ = {isa = PBXBuildFile; fileRef = A9CBE7C11E0B999C00EEABF0 /* PokemonDetailVC.swift */; };
/* End PBXBuildFile section */

/* Begin PBXFileReference section */
		17491231B131082797825CEF /* Pods-Pokedex3.debug.xcconfig */ = {isa = PBXFileReference; includeInIndex = 1; lastKnownFileType = text.xcconfig; name = "Pods-Pokedex3.debug.xcconfig"; path = "Pods/Target Support Files/Pods-Pokedex3/Pods-Pokedex3.debug.xcconfig"; sourceTree = "<group>"; };
		A9CBE7951E0B63E100EEABF0 /* Pokedex3.app */ = {isa = PBXFileReference; explicitFileType = wrapper.application; includeInIndex = 0; path = Pokedex3.app; sourceTree = BUILT_PRODUCTS_DIR; };
		A9CBE7981E0B63E100EEABF0 /* AppDelegate.swift */ = {isa = PBXFileReference; lastKnownFileType = sourcecode.swift; path = AppDelegate.swift; sourceTree = "<group>"; };
		A9CBE79A1E0B63E100EEABF0 /* ViewController.swift */ = {isa = PBXFileReference; lastKnownFileType = sourcecode.swift; path = ViewController.swift; sourceTree = "<group>"; };
		A9CBE79D1E0B63E100EEABF0 /* Base */ = {isa = PBXFileReference; lastKnownFileType = file.storyboard; name = Base; path = Base.lproj/Main.storyboard; sourceTree = "<group>"; };
		A9CBE7A01E0B63E100EEABF0 /* Pokedex3.xcdatamodel */ = {isa = PBXFileReference; lastKnownFileType = wrapper.xcdatamodel; path = Pokedex3.xcdatamodel; sourceTree = "<group>"; };
		A9CBE7A21E0B63E100EEABF0 /* Assets.xcassets */ = {isa = PBXFileReference; lastKnownFileType = folder.assetcatalog; path = Assets.xcassets; sourceTree = "<group>"; };
		A9CBE7A51E0B63E100EEABF0 /* Base */ = {isa = PBXFileReference; lastKnownFileType = file.storyboard; name = Base; path = Base.lproj/LaunchScreen.storyboard; sourceTree = "<group>"; };
		A9CBE7A71E0B63E100EEABF0 /* Info.plist */ = {isa = PBXFileReference; lastKnownFileType = text.plist.xml; path = Info.plist; sourceTree = "<group>"; };
		A9CBE7AD1E0B6C9200EEABF0 /* pokemon.csv */ = {isa = PBXFileReference; fileEncoding = 4; lastKnownFileType = text; path = pokemon.csv; sourceTree = "<group>"; };
		A9CBE7B01E0B6FDA00EEABF0 /* Pokemon.swift */ = {isa = PBXFileReference; fileEncoding = 4; lastKnownFileType = sourcecode.swift; path = Pokemon.swift; sourceTree = "<group>"; };
		A9CBE7B41E0B7C7E00EEABF0 /* PokeCell.swift */ = {isa = PBXFileReference; fileEncoding = 4; lastKnownFileType = sourcecode.swift; path = PokeCell.swift; sourceTree = "<group>"; };
		A9CBE7B61E0B860D00EEABF0 /* csv.swift */ = {isa = PBXFileReference; fileEncoding = 4; lastKnownFileType = sourcecode.swift; path = csv.swift; sourceTree = "<group>"; };
		A9CBE7B81E0B8D9B00EEABF0 /* pokemon.ttf */ = {isa = PBXFileReference; lastKnownFileType = file; path = pokemon.ttf; sourceTree = "<group>"; };
		A9CBE7BD1E0B8F0C00EEABF0 /* music.png */ = {isa = PBXFileReference; lastKnownFileType = image.png; path = music.png; sourceTree = "<group>"; };
		A9CBE7BF1E0B8F1D00EEABF0 /* music.mp3 */ = {isa = PBXFileReference; lastKnownFileType = audio.mp3; path = music.mp3; sourceTree = "<group>"; };
		A9CBE7C11E0B999C00EEABF0 /* PokemonDetailVC.swift */ = {isa = PBXFileReference; fileEncoding = 4; lastKnownFileType = sourcecode.swift; path = PokemonDetailVC.swift; sourceTree = "<group>"; };
		B4D63464BCB8A4845A1C4763 /* Pods_Pokedex3.framework */ = {isa = PBXFileReference; explicitFileType = wrapper.framework; includeInIndex = 0; path = Pods_Pokedex3.framework; sourceTree = BUILT_PRODUCTS_DIR; };
		D7F3562EFC0BE2EFA9CA1E42 /* Pods-Pokedex3.release.xcconfig */ = {isa = PBXFileReference; includeInIndex = 1; lastKnownFileType = text.xcconfig; name = "Pods-Pokedex3.release.xcconfig"; path = "Pods/Target Support Files/Pods-Pokedex3/Pods-Pokedex3.release.xcconfig"; sourceTree = "<group>"; };
/* End PBXFileReference section */

/* Begin PBXFrameworksBuildPhase section */
		A9CBE7921E0B63E100EEABF0 /* Frameworks */ = {
			isa = PBXFrameworksBuildPhase;
			buildActionMask = 2147483647;
			files = (
				7D6BC4245877275FF8428993 /* Pods_Pokedex3.framework in Frameworks */,
			);
			runOnlyForDeploymentPostprocessing = 0;
		};
/* End PBXFrameworksBuildPhase section */

/* Begin PBXGroup section */
		A9CBE78C1E0B63E100EEABF0 = {
			isa = PBXGroup;
			children = (
				A9CBE7971E0B63E100EEABF0 /* Pokedex3 */,
				A9CBE7961E0B63E100EEABF0 /* Products */,
				F3F24A979115F35AE4A69E28 /* Pods */,
				BD16DE00E0FB6C29169A6814 /* Frameworks */,
			);
			sourceTree = "<group>";
		};
		A9CBE7961E0B63E100EEABF0 /* Products */ = {
			isa = PBXGroup;
			children = (
				A9CBE7951E0B63E100EEABF0 /* Pokedex3.app */,
			);
			name = Products;
			sourceTree = "<group>";
		};
		A9CBE7971E0B63E100EEABF0 /* Pokedex3 */ = {
			isa = PBXGroup;
			children = (
				A9CBE7BC1E0B8DD000EEABF0 /* Utilities */,
				A9CBE7BB1E0B8DBC00EEABF0 /* Resources */,
				A9CBE7BA1E0B8DAF00EEABF0 /* Controller */,
				A9CBE7B21E0B7C3E00EEABF0 /* View */,
				A9CBE7AF1E0B6FC900EEABF0 /* Model */,
				A9CBE7981E0B63E100EEABF0 /* AppDelegate.swift */,
				A9CBE79C1E0B63E100EEABF0 /* Main.storyboard */,
				A9CBE7A21E0B63E100EEABF0 /* Assets.xcassets */,
				A9CBE7A41E0B63E100EEABF0 /* LaunchScreen.storyboard */,
				A9CBE7A71E0B63E100EEABF0 /* Info.plist */,
				A9CBE79F1E0B63E100EEABF0 /* Pokedex3.xcdatamodeld */,
			);
			path = Pokedex3;
			sourceTree = "<group>";
		};
		A9CBE7AF1E0B6FC900EEABF0 /* Model */ = {
			isa = PBXGroup;
			children = (
				A9CBE7B01E0B6FDA00EEABF0 /* Pokemon.swift */,
			);
			name = Model;
			sourceTree = "<group>";
		};
		A9CBE7B21E0B7C3E00EEABF0 /* View */ = {
			isa = PBXGroup;
			children = (
				A9CBE7B41E0B7C7E00EEABF0 /* PokeCell.swift */,
			);
			name = View;
			sourceTree = "<group>";
		};
		A9CBE7BA1E0B8DAF00EEABF0 /* Controller */ = {
			isa = PBXGroup;
			children = (
				A9CBE79A1E0B63E100EEABF0 /* ViewController.swift */,
				A9CBE7C11E0B999C00EEABF0 /* PokemonDetailVC.swift */,
			);
			name = Controller;
			sourceTree = "<group>";
		};
		A9CBE7BB1E0B8DBC00EEABF0 /* Resources */ = {
			isa = PBXGroup;
			children = (
				A9CBE7B81E0B8D9B00EEABF0 /* pokemon.ttf */,
				A9CBE7AD1E0B6C9200EEABF0 /* pokemon.csv */,
				A9CBE7BD1E0B8F0C00EEABF0 /* music.png */,
				A9CBE7BF1E0B8F1D00EEABF0 /* music.mp3 */,
			);
			name = Resources;
			sourceTree = "<group>";
		};
		A9CBE7BC1E0B8DD000EEABF0 /* Utilities */ = {
			isa = PBXGroup;
			children = (
				A9CBE7B61E0B860D00EEABF0 /* csv.swift */,
			);
			name = Utilities;
			sourceTree = "<group>";
		};
		BD16DE00E0FB6C29169A6814 /* Frameworks */ = {
			isa = PBXGroup;
			children = (
				B4D63464BCB8A4845A1C4763 /* Pods_Pokedex3.framework */,
			);
			name = Frameworks;
			sourceTree = "<group>";
		};
		F3F24A979115F35AE4A69E28 /* Pods */ = {
			isa = PBXGroup;
			children = (
				17491231B131082797825CEF /* Pods-Pokedex3.debug.xcconfig */,
				D7F3562EFC0BE2EFA9CA1E42 /* Pods-Pokedex3.release.xcconfig */,
			);
			name = Pods;
			sourceTree = "<group>";
		};
/* End PBXGroup section */

/* Begin PBXNativeTarget section */
		A9CBE7941E0B63E100EEABF0 /* Pokedex3 */ = {
			isa = PBXNativeTarget;
			buildConfigurationList = A9CBE7AA1E0B63E100EEABF0 /* Build configuration list for PBXNativeTarget "Pokedex3" */;
			buildPhases = (
				A6636795E63426A5CBCAF374 /* [CP] Check Pods Manifest.lock */,
				A9CBE7911E0B63E100EEABF0 /* Sources */,
				A9CBE7921E0B63E100EEABF0 /* Frameworks */,
				A9CBE7931E0B63E100EEABF0 /* Resources */,
				41CFA031FC979B02AD80EC9F /* [CP] Embed Pods Frameworks */,
				EE28506781D39D16DBC7D36E /* [CP] Copy Pods Resources */,
			);
			buildRules = (
			);
			dependencies = (
			);
			name = Pokedex3;
			productName = Pokedex3;
			productReference = A9CBE7951E0B63E100EEABF0 /* Pokedex3.app */;
			productType = "com.apple.product-type.application";
		};
/* End PBXNativeTarget section */

/* Begin PBXProject section */
		A9CBE78D1E0B63E100EEABF0 /* Project object */ = {
			isa = PBXProject;
			attributes = {
				LastSwiftUpdateCheck = 0820;
				LastUpgradeCheck = 0820;
				ORGANIZATIONNAME = alperi;
				TargetAttributes = {
					A9CBE7941E0B63E100EEABF0 = {
						CreatedOnToolsVersion = 8.2;
						DevelopmentTeam = AZTLK4V726;
						LastSwiftMigration = 0820;
						ProvisioningStyle = Automatic;
					};
				};
			};
			buildConfigurationList = A9CBE7901E0B63E100EEABF0 /* Build configuration list for PBXProject "Pokedex3" */;
			compatibilityVersion = "Xcode 3.2";
			developmentRegion = English;
			hasScannedForEncodings = 0;
			knownRegions = (
				en,
				Base,
			);
			mainGroup = A9CBE78C1E0B63E100EEABF0;
			productRefGroup = A9CBE7961E0B63E100EEABF0 /* Products */;
			projectDirPath = "";
			projectRoot = "";
			targets = (
				A9CBE7941E0B63E100EEABF0 /* Pokedex3 */,
			);
		};
/* End PBXProject section */

/* Begin PBXResourcesBuildPhase section */
		A9CBE7931E0B63E100EEABF0 /* Resources */ = {
			isa = PBXResourcesBuildPhase;
			buildActionMask = 2147483647;
			files = (
				A9CBE7B91E0B8D9B00EEABF0 /* pokemon.ttf in Resources */,
				A9CBE7A61E0B63E100EEABF0 /* LaunchScreen.storyboard in Resources */,
				A9CBE7A31E0B63E100EEABF0 /* Assets.xcassets in Resources */,
				A9CBE7AE1E0B6C9200EEABF0 /* pokemon.csv in Resources */,
				A9CBE79E1E0B63E100EEABF0 /* Main.storyboard in Resources */,
				A9CBE7C01E0B8F1D00EEABF0 /* music.mp3 in Resources */,
				A9CBE7BE1E0B8F0C00EEABF0 /* music.png in Resources */,
			);
			runOnlyForDeploymentPostprocessing = 0;
		};
/* End PBXResourcesBuildPhase section */

/* Begin PBXShellScriptBuildPhase section */
		41CFA031FC979B02AD80EC9F /* [CP] Embed Pods Frameworks */ = {
			isa = PBXShellScriptBuildPhase;
			buildActionMask = 2147483647;
			files = (
			);
			inputPaths = (
			);
			name = "[CP] Embed Pods Frameworks";
			outputPaths = (
			);
			runOnlyForDeploymentPostprocessing = 0;
			shellPath = /bin/sh;
			shellScript = "\"${SRCROOT}/Pods/Target Support Files/Pods-Pokedex3/Pods-Pokedex3-frameworks.sh\"\n";
			showEnvVarsInLog = 0;
		};
		A6636795E63426A5CBCAF374 /* [CP] Check Pods Manifest.lock */ = {
			isa = PBXShellScriptBuildPhase;
			buildActionMask = 2147483647;
			files = (
			);
			inputPaths = (
			);
			name = "[CP] Check Pods Manifest.lock";
			outputPaths = (
			);
			runOnlyForDeploymentPostprocessing = 0;
			shellPath = /bin/sh;
			shellScript = "diff \"${PODS_ROOT}/../Podfile.lock\" \"${PODS_ROOT}/Manifest.lock\" > /dev/null\nif [ $? != 0 ] ; then\n    # print error to STDERR\n    echo \"error: The sandbox is not in sync with the Podfile.lock. Run 'pod install' or update your CocoaPods installation.\" >&2\n    exit 1\nfi\n";
			showEnvVarsInLog = 0;
		};
		EE28506781D39D16DBC7D36E /* [CP] Copy Pods Resources */ = {
			isa = PBXShellScriptBuildPhase;
			buildActionMask = 2147483647;
			files = (
			);
			inputPaths = (
			);
			name = "[CP] Copy Pods Resources";
			outputPaths = (
			);
			runOnlyForDeploymentPostprocessing = 0;
			shellPath = /bin/sh;
			shellScript = "\"${SRCROOT}/Pods/Target Support Files/Pods-Pokedex3/Pods-Pokedex3-resources.sh\"\n";
			showEnvVarsInLog = 0;
		};
/* End PBXShellScriptBuildPhase section */

/* Begin PBXSourcesBuildPhase section */
		A9CBE7911E0B63E100EEABF0 /* Sources */ = {
			isa = PBXSourcesBuildPhase;
			buildActionMask = 2147483647;
			files = (
				A9CBE7B71E0B860D00EEABF0 /* csv.swift in Sources */,
				A9CBE79B1E0B63E100EEABF0 /* ViewController.swift in Sources */,
				A9CBE7B11E0B6FDA00EEABF0 /* Pokemon.swift in Sources */,
				A9CBE7991E0B63E100EEABF0 /* AppDelegate.swift in Sources */,
				A9CBE7C21E0B999C00EEABF0 /* PokemonDetailVC.swift in Sources */,
				A9CBE7A11E0B63E100EEABF0 /* Pokedex3.xcdatamodeld in Sources */,
				A9CBE7B51E0B7C7E00EEABF0 /* PokeCell.swift in Sources */,
			);
			runOnlyForDeploymentPostprocessing = 0;
		};
/* End PBXSourcesBuildPhase section */

/* Begin PBXVariantGroup section */
		A9CBE79C1E0B63E100EEABF0 /* Main.storyboard */ = {
			isa = PBXVariantGroup;
			children = (
				A9CBE79D1E0B63E100EEABF0 /* Base */,
			);
			name = Main.storyboard;
			sourceTree = "<group>";
		};
		A9CBE7A41E0B63E100EEABF0 /* LaunchScreen.storyboard */ = {
			isa = PBXVariantGroup;
			children = (
				A9CBE7A51E0B63E100EEABF0 /* Base */,
			);
			name = LaunchScreen.storyboard;
			sourceTree = "<group>";
		};
/* End PBXVariantGroup section */

/* Begin XCBuildConfiguration section */
		A9CBE7A81E0B63E100EEABF0 /* Debug */ = {
			isa = XCBuildConfiguration;
			buildSettings = {
				ALWAYS_SEARCH_USER_PATHS = NO;
				CLANG_ANALYZER_NONNULL = YES;
				CLANG_CXX_LANGUAGE_STANDARD = "gnu++0x";
				CLANG_CXX_LIBRARY = "libc++";
				CLANG_ENABLE_MODULES = YES;
				CLANG_ENABLE_OBJC_ARC = YES;
				CLANG_WARN_BOOL_CONVERSION = YES;
				CLANG_WARN_CONSTANT_CONVERSION = YES;
				CLANG_WARN_DIRECT_OBJC_ISA_USAGE = YES_ERROR;
				CLANG_WARN_DOCUMENTATION_COMMENTS = YES;
				CLANG_WARN_EMPTY_BODY = YES;
				CLANG_WARN_ENUM_CONVERSION = YES;
				CLANG_WARN_INFINITE_RECURSION = YES;
				CLANG_WARN_INT_CONVERSION = YES;
				CLANG_WARN_OBJC_ROOT_CLASS = YES_ERROR;
				CLANG_WARN_SUSPICIOUS_MOVE = YES;
				CLANG_WARN_UNREACHABLE_CODE = YES;
				CLANG_WARN__DUPLICATE_METHOD_MATCH = YES;
				"CODE_SIGN_IDENTITY[sdk=iphoneos*]" = "iPhone Developer";
				COPY_PHASE_STRIP = NO;
				DEBUG_INFORMATION_FORMAT = dwarf;
				ENABLE_STRICT_OBJC_MSGSEND = YES;
				ENABLE_TESTABILITY = YES;
				GCC_C_LANGUAGE_STANDARD = gnu99;
				GCC_DYNAMIC_NO_PIC = NO;
				GCC_NO_COMMON_BLOCKS = YES;
				GCC_OPTIMIZATION_LEVEL = 0;
				GCC_PREPROCESSOR_DEFINITIONS = (
					"DEBUG=1",
					"$(inherited)",
				);
				GCC_WARN_64_TO_32_BIT_CONVERSION = YES;
				GCC_WARN_ABOUT_RETURN_TYPE = YES_ERROR;
				GCC_WARN_UNDECLARED_SELECTOR = YES;
				GCC_WARN_UNINITIALIZED_AUTOS = YES_AGGRESSIVE;
				GCC_WARN_UNUSED_FUNCTION = YES;
				GCC_WARN_UNUSED_VARIABLE = YES;
				IPHONEOS_DEPLOYMENT_TARGET = 10.2;
				MTL_ENABLE_DEBUG_INFO = YES;
				ONLY_ACTIVE_ARCH = YES;
				SDKROOT = iphoneos;
				SWIFT_ACTIVE_COMPILATION_CONDITIONS = DEBUG;
				SWIFT_OPTIMIZATION_LEVEL = "-Onone";
				TARGETED_DEVICE_FAMILY = "1,2";
			};
			name = Debug;
		};
		A9CBE7A91E0B63E100EEABF0 /* Release */ = {
			isa = XCBuildConfiguration;
			buildSettings = {
				ALWAYS_SEARCH_USER_PATHS = NO;
				CLANG_ANALYZER_NONNULL = YES;
				CLANG_CXX_LANGUAGE_STANDARD = "gnu++0x";
				CLANG_CXX_LIBRARY = "libc++";
				CLANG_ENABLE_MODULES = YES;
				CLANG_ENABLE_OBJC_ARC = YES;
				CLANG_WARN_BOOL_CONVERSION = YES;
				CLANG_WARN_CONSTANT_CONVERSION = YES;
				CLANG_WARN_DIRECT_OBJC_ISA_USAGE = YES_ERROR;
				CLANG_WARN_DOCUMENTATION_COMMENTS = YES;
				CLANG_WARN_EMPTY_BODY = YES;
				CLANG_WARN_ENUM_CONVERSION = YES;
				CLANG_WARN_INFINITE_RECURSION = YES;
				CLANG_WARN_INT_CONVERSION = YES;
				CLANG_WARN_OBJC_ROOT_CLASS = YES_ERROR;
				CLANG_WARN_SUSPICIOUS_MOVE = YES;
				CLANG_WARN_UNREACHABLE_CODE = YES;
				CLANG_WARN__DUPLICATE_METHOD_MATCH = YES;
				"CODE_SIGN_IDENTITY[sdk=iphoneos*]" = "iPhone Developer";
				COPY_PHASE_STRIP = NO;
				DEBUG_INFORMATION_FORMAT = "dwarf-with-dsym";
				ENABLE_NS_ASSERTIONS = NO;
				ENABLE_STRICT_OBJC_MSGSEND = YES;
				GCC_C_LANGUAGE_STANDARD = gnu99;
				GCC_NO_COMMON_BLOCKS = YES;
				GCC_WARN_64_TO_32_BIT_CONVERSION = YES;
				GCC_WARN_ABOUT_RETURN_TYPE = YES_ERROR;
				GCC_WARN_UNDECLARED_SELECTOR = YES;
				GCC_WARN_UNINITIALIZED_AUTOS = YES_AGGRESSIVE;
				GCC_WARN_UNUSED_FUNCTION = YES;
				GCC_WARN_UNUSED_VARIABLE = YES;
				IPHONEOS_DEPLOYMENT_TARGET = 10.2;
				MTL_ENABLE_DEBUG_INFO = NO;
				SDKROOT = iphoneos;
				SWIFT_OPTIMIZATION_LEVEL = "-Owholemodule";
				TARGETED_DEVICE_FAMILY = "1,2";
				VALIDATE_PRODUCT = YES;
			};
			name = Release;
		};
		A9CBE7AB1E0B63E100EEABF0 /* Debug */ = {
			isa = XCBuildConfiguration;
			baseConfigurationReference = 17491231B131082797825CEF /* Pods-Pokedex3.debug.xcconfig */;
			buildSettings = {
				ASSETCATALOG_COMPILER_APPICON_NAME = AppIcon;
				DEVELOPMENT_TEAM = AZTLK4V726;
				INFOPLIST_FILE = Pokedex3/Info.plist;
				LD_RUNPATH_SEARCH_PATHS = "$(inherited) @executable_path/Frameworks";
				PRODUCT_BUNDLE_IDENTIFIER = com.alperi.Pokedex3;
				PRODUCT_NAME = "$(TARGET_NAME)";
				SWIFT_VERSION = 3.0;
			};
			name = Debug;
		};
		A9CBE7AC1E0B63E100EEABF0 /* Release */ = {
			isa = XCBuildConfiguration;
			baseConfigurationReference = D7F3562EFC0BE2EFA9CA1E42 /* Pods-Pokedex3.release.xcconfig */;
			buildSettings = {
				ASSETCATALOG_COMPILER_APPICON_NAME = AppIcon;
				DEVELOPMENT_TEAM = AZTLK4V726;
				INFOPLIST_FILE = Pokedex3/Info.plist;
				LD_RUNPATH_SEARCH_PATHS = "$(inherited) @executable_path/Frameworks";
				PRODUCT_BUNDLE_IDENTIFIER = com.alperi.Pokedex3;
				PRODUCT_NAME = "$(TARGET_NAME)";
				SWIFT_VERSION = 3.0;
			};
			name = Release;
		};
/* End XCBuildConfiguration section */

/* Begin XCConfigurationList section */
		A9CBE7901E0B63E100EEABF0 /* Build configuration list for PBXProject "Pokedex3" */ = {
			isa = XCConfigurationList;
			buildConfigurations = (
				A9CBE7A81E0B63E100EEABF0 /* Debug */,
				A9CBE7A91E0B63E100EEABF0 /* Release */,
			);
			defaultConfigurationIsVisible = 0;
			defaultConfigurationName = Release;
		};
		A9CBE7AA1E0B63E100EEABF0 /* Build configuration list for PBXNativeTarget "Pokedex3" */ = {
			isa = XCConfigurationList;
			buildConfigurations = (
				A9CBE7AB1E0B63E100EEABF0 /* Debug */,
				A9CBE7AC1E0B63E100EEABF0 /* Release */,
			);
			defaultConfigurationIsVisible = 0;
			defaultConfigurationName = Release;
		};
/* End XCConfigurationList section */

/* Begin XCVersionGroup section */
		A9CBE79F1E0B63E100EEABF0 /* Pokedex3.xcdatamodeld */ = {
			isa = XCVersionGroup;
			children = (
				A9CBE7A01E0B63E100EEABF0 /* Pokedex3.xcdatamodel */,
			);
			currentVersion = A9CBE7A01E0B63E100EEABF0 /* Pokedex3.xcdatamodel */;
			path = Pokedex3.xcdatamodeld;
			sourceTree = "<group>";
			versionGroupType = wrapper.xcdatamodel;
		};
/* End XCVersionGroup section */
	};
	rootObject = A9CBE78D1E0B63E100EEABF0 /* Project object */;
}
